
Microsoft Visual Studio Solution File, Format Version 12.00
# Visual Studio 15
VisualStudioVersion = 15.0.28307.329
MinimumVisualStudioVersion = 10.0.40219.1
Project("{FAE04EC0-301F-11D3-BF4B-00C04F79EFBC}") = "houseOfCoffeeProgramUsingStructsAndEnums", "houseOfCoffeeProgramUsingStructsAndEnums\houseOfCoffeeProgramUsingStructsAndEnums.csproj", "{C5D6A905-0119-45D9-839B-31E4002DC53A}"
EndProject
Project("{FAE04EC0-301F-11D3-BF4B-00C04F79EFBC}") = "houseOfCoffeeLieberry", "houseOfCoffeeLieberry\houseOfCoffeeLieberry.csproj", "{6F70E643-1D6A-49D2-94D7-C0C68E54A341}"
EndProject
Global
	GlobalSection(SolutionConfigurationPlatforms) = preSolution
		Debug|Any CPU = Debug|Any CPU
		Release|Any CPU = Release|Any CPU
	EndGlobalSection
	GlobalSection(ProjectConfigurationPlatforms) = postSolution
		{C5D6A905-0119-45D9-839B-31E4002DC53A}.Debug|Any CPU.ActiveCfg = Debug|Any CPU
		{C5D6A905-0119-45D9-839B-31E4002DC53A}.Debug|Any CPU.Build.0 = Debug|Any CPU
		{C5D6A905-0119-45D9-839B-31E4002DC53A}.Release|Any CPU.ActiveCfg = Release|Any CPU
		{C5D6A905-0119-45D9-839B-31E4002DC53A}.Release|Any CPU.Build.0 = Release|Any CPU
		{6F70E643-1D6A-49D2-94D7-C0C68E54A341}.Debug|Any CPU.ActiveCfg = Debug|Any CPU
		{6F70E643-1D6A-49D2-94D7-C0C68E54A341}.Debug|Any CPU.Build.0 = Debug|Any CPU
		{6F70E643-1D6A-49D2-94D7-C0C68E54A341}.Release|Any CPU.ActiveCfg = Release|Any CPU
		{6F70E643-1D6A-49D2-94D7-C0C68E54A341}.Release|Any CPU.Build.0 = Release|Any CPU
	EndGlobalSection
	GlobalSection(SolutionProperties) = preSolution
		HideSolutionNode = FALSE
	EndGlobalSection
	GlobalSection(ExtensibilityGlobals) = postSolution
		SolutionGuid = {34601318-8008-4C83-A46D-D3D5E2F653D8}
	EndGlobalSection
EndGlobal
